
Microsoft Visual Studio Solution File, Format Version 12.00
# Visual Studio Version 17
VisualStudioVersion = 17.3.32825.248
MinimumVisualStudioVersion = 10.0.40219.1
Project("{FAE04EC0-301F-11D3-BF4B-00C04F79EFBC}") = "EmployeeManagement", "EmployeeManagement\EmployeeManagement.csproj", "{4D2EC229-A20F-4EDE-B075-4757A9332EFB}"
EndProject
Global
	GlobalSection(SolutionConfigurationPlatforms) = preSolution
		Debug|Any CPU = Debug|Any CPU
		Release|Any CPU = Release|Any CPU
	EndGlobalSection
	GlobalSection(ProjectConfigurationPlatforms) = postSolution
		{4D2EC229-A20F-4EDE-B075-4757A9332EFB}.Debug|Any CPU.ActiveCfg = Debug|Any CPU
		{4D2EC229-A20F-4EDE-B075-4757A9332EFB}.Debug|Any CPU.Build.0 = Debug|Any CPU
		{4D2EC229-A20F-4EDE-B075-4757A9332EFB}.Release|Any CPU.ActiveCfg = Release|Any CPU
		{4D2EC229-A20F-4EDE-B075-4757A9332EFB}.Release|Any CPU.Build.0 = Release|Any CPU
	EndGlobalSection
	GlobalSection(SolutionProperties) = preSolution
		HideSolutionNode = FALSE
	EndGlobalSection
	GlobalSection(ExtensibilityGlobals) = postSolution
		SolutionGuid = {576A4BE2-59DE-4496-ADE6-AD98525A4700}
	EndGlobalSection
EndGlobal
